
Microsoft Visual Studio Solution File, Format Version 12.00
# Visual Studio 2013
VisualStudioVersion = 12.0.30501.0
MinimumVisualStudioVersion = 10.0.40219.1
Project("{FAE04EC0-301F-11D3-BF4B-00C04F79EFBC}") = "fileManager", "fileManager\fileManager.csproj", "{DED2B812-1B61-45BE-8FCC-E38D94C9933C}"
EndProject
Global
	GlobalSection(SolutionConfigurationPlatforms) = preSolution
		Debug|Any CPU = Debug|Any CPU
		Release|Any CPU = Release|Any CPU
	EndGlobalSection
	GlobalSection(ProjectConfigurationPlatforms) = postSolution
		{DED2B812-1B61-45BE-8FCC-E38D94C9933C}.Debug|Any CPU.ActiveCfg = Debug|Any CPU
		{DED2B812-1B61-45BE-8FCC-E38D94C9933C}.Debug|Any CPU.Build.0 = Debug|Any CPU
		{DED2B812-1B61-45BE-8FCC-E38D94C9933C}.Release|Any CPU.ActiveCfg = Release|Any CPU
		{DED2B812-1B61-45BE-8FCC-E38D94C9933C}.Release|Any CPU.Build.0 = Release|Any CPU
	EndGlobalSection
	GlobalSection(SolutionProperties) = preSolution
		HideSolutionNode = FALSE
	EndGlobalSection
EndGlobal
